
Microsoft Visual Studio Solution File, Format Version 12.00
# Visual Studio 2013
VisualStudioVersion = 12.0.30723.0
MinimumVisualStudioVersion = 10.0.40219.1
Project("{FAE04EC0-301F-11D3-BF4B-00C04F79EFBC}") = "Messages", "Messages\Messages.csproj", "{33538901-4A77-46B5-8203-5ACEB3E5EA31}"
EndProject
Project("{FAE04EC0-301F-11D3-BF4B-00C04F79EFBC}") = "Domain", "Domain\Domain.csproj", "{6A90EA39-A0B6-40EF-A2FF-D332BF619080}"
EndProject
Project("{FAE04EC0-301F-11D3-BF4B-00C04F79EFBC}") = "CrossCutting", "CrossCutting\CrossCutting.csproj", "{044421D5-A83A-45E6-BBD3-4A3683FC531F}"
EndProject
Project("{FAE04EC0-301F-11D3-BF4B-00C04F79EFBC}") = "ElasticSearchSychronizer", "ElasticSearchSychronizer\ElasticSearchSychronizer.csproj", "{00A7B59C-4121-471D-ABA9-42E7FD2FB84D}"
EndProject
Project("{2150E333-8FDC-42A3-9474-1A3956D46DE8}") = "Services", "Services", "{F3A8341D-C176-4B75-8251-8D7E36921666}"
EndProject
Project("{FAE04EC0-301F-11D3-BF4B-00C04F79EFBC}") = "UI", "UI\UI.csproj", "{4E60B3D6-8BF0-4913-B4F0-D0923E7A0FCC}"
EndProject
Project("{FAE04EC0-301F-11D3-BF4B-00C04F79EFBC}") = "CreateClient", "Services\CreateClient\CreateClient.csproj", "{BFFD2095-B149-4621-9001-A6CEF564B3D1}"
EndProject
Project("{2150E333-8FDC-42A3-9474-1A3956D46DE8}") = "EventStore", "EventStore", "{C01BB700-0A94-4E67-B408-0FC5A7B49A69}"
EndProject
Project("{2150E333-8FDC-42A3-9474-1A3956D46DE8}") = "Projections", "Projections", "{E68F5688-A5D8-4449-AA9E-1429973FD043}"
	ProjectSection(SolutionItems) = preProject
		PossiblyStolenCards.js = PossiblyStolenCards.js
		TotalMoneyInTheBank.js = TotalMoneyInTheBank.js
	EndProjectSection
EndProject
Project("{FAE04EC0-301F-11D3-BF4B-00C04F79EFBC}") = "ElasticSearchReadModel", "ElasticSearchReadModel\ElasticSearchReadModel.csproj", "{B99647AE-7E9A-4847-A6D1-AC1A69E55E05}"
EndProject
Project("{FAE04EC0-301F-11D3-BF4B-00C04F79EFBC}") = "DepositMoney", "Services\DepositMoney\DepositMoney.csproj", "{15ECC2EF-A194-4AD1-9DBF-3F5B8A681851}"
EndProject
Project("{FAE04EC0-301F-11D3-BF4B-00C04F79EFBC}") = "WithdrawMoney", "Services\WithdrawMoney\WithdrawMoney.csproj", "{45F6441F-C0FC-4EC9-BD19-0C2B94A78C2F}"
EndProject
Global
	GlobalSection(SolutionConfigurationPlatforms) = preSolution
		Debug|Any CPU = Debug|Any CPU
		Release|Any CPU = Release|Any CPU
	EndGlobalSection
	GlobalSection(ProjectConfigurationPlatforms) = postSolution
		{33538901-4A77-46B5-8203-5ACEB3E5EA31}.Debug|Any CPU.ActiveCfg = Debug|Any CPU
		{33538901-4A77-46B5-8203-5ACEB3E5EA31}.Debug|Any CPU.Build.0 = Debug|Any CPU
		{33538901-4A77-46B5-8203-5ACEB3E5EA31}.Release|Any CPU.ActiveCfg = Release|Any CPU
		{33538901-4A77-46B5-8203-5ACEB3E5EA31}.Release|Any CPU.Build.0 = Release|Any CPU
		{6A90EA39-A0B6-40EF-A2FF-D332BF619080}.Debug|Any CPU.ActiveCfg = Debug|Any CPU
		{6A90EA39-A0B6-40EF-A2FF-D332BF619080}.Debug|Any CPU.Build.0 = Debug|Any CPU
		{6A90EA39-A0B6-40EF-A2FF-D332BF619080}.Release|Any CPU.ActiveCfg = Release|Any CPU
		{6A90EA39-A0B6-40EF-A2FF-D332BF619080}.Release|Any CPU.Build.0 = Release|Any CPU
		{044421D5-A83A-45E6-BBD3-4A3683FC531F}.Debug|Any CPU.ActiveCfg = Debug|Any CPU
		{044421D5-A83A-45E6-BBD3-4A3683FC531F}.Debug|Any CPU.Build.0 = Debug|Any CPU
		{044421D5-A83A-45E6-BBD3-4A3683FC531F}.Release|Any CPU.ActiveCfg = Release|Any CPU
		{044421D5-A83A-45E6-BBD3-4A3683FC531F}.Release|Any CPU.Build.0 = Release|Any CPU
		{00A7B59C-4121-471D-ABA9-42E7FD2FB84D}.Debug|Any CPU.ActiveCfg = Debug|Any CPU
		{00A7B59C-4121-471D-ABA9-42E7FD2FB84D}.Debug|Any CPU.Build.0 = Debug|Any CPU
		{00A7B59C-4121-471D-ABA9-42E7FD2FB84D}.Release|Any CPU.ActiveCfg = Release|Any CPU
		{00A7B59C-4121-471D-ABA9-42E7FD2FB84D}.Release|Any CPU.Build.0 = Release|Any CPU
		{4E60B3D6-8BF0-4913-B4F0-D0923E7A0FCC}.Debug|Any CPU.ActiveCfg = Debug|Any CPU
		{4E60B3D6-8BF0-4913-B4F0-D0923E7A0FCC}.Debug|Any CPU.Build.0 = Debug|Any CPU
		{4E60B3D6-8BF0-4913-B4F0-D0923E7A0FCC}.Release|Any CPU.ActiveCfg = Release|Any CPU
		{4E60B3D6-8BF0-4913-B4F0-D0923E7A0FCC}.Release|Any CPU.Build.0 = Release|Any CPU
		{BFFD2095-B149-4621-9001-A6CEF564B3D1}.Debug|Any CPU.ActiveCfg = Debug|Any CPU
		{BFFD2095-B149-4621-9001-A6CEF564B3D1}.Debug|Any CPU.Build.0 = Debug|Any CPU
		{BFFD2095-B149-4621-9001-A6CEF564B3D1}.Release|Any CPU.ActiveCfg = Release|Any CPU
		{BFFD2095-B149-4621-9001-A6CEF564B3D1}.Release|Any CPU.Build.0 = Release|Any CPU
		{B99647AE-7E9A-4847-A6D1-AC1A69E55E05}.Debug|Any CPU.ActiveCfg = Debug|Any CPU
		{B99647AE-7E9A-4847-A6D1-AC1A69E55E05}.Debug|Any CPU.Build.0 = Debug|Any CPU
		{B99647AE-7E9A-4847-A6D1-AC1A69E55E05}.Release|Any CPU.ActiveCfg = Release|Any CPU
		{B99647AE-7E9A-4847-A6D1-AC1A69E55E05}.Release|Any CPU.Build.0 = Release|Any CPU
		{15ECC2EF-A194-4AD1-9DBF-3F5B8A681851}.Debug|Any CPU.ActiveCfg = Debug|Any CPU
		{15ECC2EF-A194-4AD1-9DBF-3F5B8A681851}.Debug|Any CPU.Build.0 = Debug|Any CPU
		{15ECC2EF-A194-4AD1-9DBF-3F5B8A681851}.Release|Any CPU.ActiveCfg = Release|Any CPU
		{15ECC2EF-A194-4AD1-9DBF-3F5B8A681851}.Release|Any CPU.Build.0 = Release|Any CPU
		{45F6441F-C0FC-4EC9-BD19-0C2B94A78C2F}.Debug|Any CPU.ActiveCfg = Debug|Any CPU
		{45F6441F-C0FC-4EC9-BD19-0C2B94A78C2F}.Debug|Any CPU.Build.0 = Debug|Any CPU
		{45F6441F-C0FC-4EC9-BD19-0C2B94A78C2F}.Release|Any CPU.ActiveCfg = Release|Any CPU
		{45F6441F-C0FC-4EC9-BD19-0C2B94A78C2F}.Release|Any CPU.Build.0 = Release|Any CPU
	EndGlobalSection
	GlobalSection(SolutionProperties) = preSolution
		HideSolutionNode = FALSE
	EndGlobalSection
	GlobalSection(NestedProjects) = preSolution
		{BFFD2095-B149-4621-9001-A6CEF564B3D1} = {F3A8341D-C176-4B75-8251-8D7E36921666}
		{E68F5688-A5D8-4449-AA9E-1429973FD043} = {C01BB700-0A94-4E67-B408-0FC5A7B49A69}
		{15ECC2EF-A194-4AD1-9DBF-3F5B8A681851} = {F3A8341D-C176-4B75-8251-8D7E36921666}
		{45F6441F-C0FC-4EC9-BD19-0C2B94A78C2F} = {F3A8341D-C176-4B75-8251-8D7E36921666}
	EndGlobalSection
EndGlobal
